
Microsoft Visual Studio Solution File, Format Version 12.00
# Visual Studio Version 17
VisualStudioVersion = 17.9.34622.214
MinimumVisualStudioVersion = 10.0.40219.1
Project("{FAE04EC0-301F-11D3-BF4B-00C04F79EFBC}") = "MotorV2Practice", "MotorV2Practice\MotorV2Practice.csproj", "{9590A157-E2A5-4D71-BE9C-40D0327C3430}"
EndProject
Global
	GlobalSection(SolutionConfigurationPlatforms) = preSolution
		Debug|Any CPU = Debug|Any CPU
		Release|Any CPU = Release|Any CPU
	EndGlobalSection
	GlobalSection(ProjectConfigurationPlatforms) = postSolution
		{9590A157-E2A5-4D71-BE9C-40D0327C3430}.Debug|Any CPU.ActiveCfg = Debug|Any CPU
		{9590A157-E2A5-4D71-BE9C-40D0327C3430}.Debug|Any CPU.Build.0 = Debug|Any CPU
		{9590A157-E2A5-4D71-BE9C-40D0327C3430}.Release|Any CPU.ActiveCfg = Release|Any CPU
		{9590A157-E2A5-4D71-BE9C-40D0327C3430}.Release|Any CPU.Build.0 = Release|Any CPU
	EndGlobalSection
	GlobalSection(SolutionProperties) = preSolution
		HideSolutionNode = FALSE
	EndGlobalSection
	GlobalSection(ExtensibilityGlobals) = postSolution
		SolutionGuid = {D1CB2910-0BEF-4277-A6E1-2152596AB08C}
	EndGlobalSection
EndGlobal
